
Microsoft Visual Studio Solution File, Format Version 12.00
# Visual Studio Version 18
VisualStudioVersion = 18.0.11217.181 d18.0
MinimumVisualStudioVersion = 10.0.40219.1
Project("{9A19103F-16F7-4668-BE54-9A1E7A4F7556}") = "CalibreWeb", "CalibreWeb\CalibreWeb.csproj", "{DB1A7618-F970-49D0-888A-34D0A6F578BA}"
EndProject
Global
	GlobalSection(SolutionConfigurationPlatforms) = preSolution
		Debug|Any CPU = Debug|Any CPU
		Release|Any CPU = Release|Any CPU
	EndGlobalSection
	GlobalSection(ProjectConfigurationPlatforms) = postSolution
		{DB1A7618-F970-49D0-888A-34D0A6F578BA}.Debug|Any CPU.ActiveCfg = Debug|Any CPU
		{DB1A7618-F970-49D0-888A-34D0A6F578BA}.Debug|Any CPU.Build.0 = Debug|Any CPU
		{DB1A7618-F970-49D0-888A-34D0A6F578BA}.Release|Any CPU.ActiveCfg = Release|Any CPU
		{DB1A7618-F970-49D0-888A-34D0A6F578BA}.Release|Any CPU.Build.0 = Release|Any CPU
	EndGlobalSection
	GlobalSection(SolutionProperties) = preSolution
		HideSolutionNode = FALSE
	EndGlobalSection
	GlobalSection(ExtensibilityGlobals) = postSolution
		SolutionGuid = {CB4184F4-636F-4F7B-A21B-A565E259764C}
	EndGlobalSection
EndGlobal
